// !$*UTF8*$!
{
	archiveVersion = 1;
	classes = {
	};
	objectVersion = 56;
	objects = {

/* Begin PBXBuildFile section */
		1A000001234567890000001 /* AppDelegate.swift in Sources */ = {isa = PBXBuildFile; fileRef = 1A000002234567890000001 /* AppDelegate.swift */; };
		1A000003234567890000001 /* StatusItemController.swift in Sources */ = {isa = PBXBuildFile; fileRef = 1A000004234567890000001 /* StatusItemController.swift */; };
		1A000005234567890000001 /* PetWindowController.swift in Sources */ = {isa = PBXBuildFile; fileRef = 1A000006234567890000001 /* PetWindowController.swift */; };
		1A000007234567890000001 /* PetWindow.swift in Sources */ = {isa = PBXBuildFile; fileRef = 1A000008234567890000001 /* PetWindow.swift */; };
		1A000009234567890000001 /* DockObserver.swift in Sources */ = {isa = PBXBuildFile; fileRef = 1A000010234567890000001 /* DockObserver.swift */; };
		1A000011234567890000001 /* PetScene.swift in Sources */ = {isa = PBXBuildFile; fileRef = 1A000012234567890000001 /* PetScene.swift */; };
		1A000013234567890000001 /* PetStateMachine.swift in Sources */ = {isa = PBXBuildFile; fileRef = 1A000014234567890000001 /* PetStateMachine.swift */; };
		1A000015234567890000001 /* SpriteLoader.swift in Sources */ = {isa = PBXBuildFile; fileRef = 1A000016234567890000001 /* SpriteLoader.swift */; };
		1A000017234567890000001 /* DragDropHandler.swift in Sources */ = {isa = PBXBuildFile; fileRef = 1A000018234567890000001 /* DragDropHandler.swift */; };
		1A000019234567890000001 /* CPUUsageMonitor.swift in Sources */ = {isa = PBXBuildFile; fileRef = 1A000020234567890000001 /* CPUUsageMonitor.swift */; };
		1A000021234567890000001 /* StartAtLoginHelper.swift in Sources */ = {isa = PBXBuildFile; fileRef = 1A000022234567890000001 /* StartAtLoginHelper.swift */; };
		1A000023234567890000001 /* Assets.xcassets in Resources */ = {isa = PBXBuildFile; fileRef = 1A000024234567890000001 /* Assets.xcassets */; };
/* End PBXBuildFile section */

/* Begin PBXFileReference section */
		1A000000234567890000001 /* DockLambda.app */ = {isa = PBXFileReference; explicitFileType = wrapper.application; includeInIndex = 0; path = DockLambda.app; sourceTree = BUILT_PRODUCTS_DIR; };
		1A000002234567890000001 /* AppDelegate.swift */ = {isa = PBXFileReference; lastKnownFileType = sourcecode.swift; path = AppDelegate.swift; sourceTree = "<group>"; };
		1A000004234567890000001 /* StatusItemController.swift */ = {isa = PBXFileReference; lastKnownFileType = sourcecode.swift; path = StatusItemController.swift; sourceTree = "<group>"; };
		1A000006234567890000001 /* PetWindowController.swift */ = {isa = PBXFileReference; lastKnownFileType = sourcecode.swift; path = PetWindowController.swift; sourceTree = "<group>"; };
		1A000008234567890000001 /* PetWindow.swift */ = {isa = PBXFileReference; lastKnownFileType = sourcecode.swift; path = PetWindow.swift; sourceTree = "<group>"; };
		1A000010234567890000001 /* DockObserver.swift */ = {isa = PBXFileReference; lastKnownFileType = sourcecode.swift; path = DockObserver.swift; sourceTree = "<group>"; };
		1A000012234567890000001 /* PetScene.swift */ = {isa = PBXFileReference; lastKnownFileType = sourcecode.swift; path = PetScene.swift; sourceTree = "<group>"; };
		1A000014234567890000001 /* PetStateMachine.swift */ = {isa = PBXFileReference; lastKnownFileType = sourcecode.swift; path = PetStateMachine.swift; sourceTree = "<group>"; };
		1A000016234567890000001 /* SpriteLoader.swift */ = {isa = PBXFileReference; lastKnownFileType = sourcecode.swift; path = SpriteLoader.swift; sourceTree = "<group>"; };
		1A000018234567890000001 /* DragDropHandler.swift */ = {isa = PBXFileReference; lastKnownFileType = sourcecode.swift; path = DragDropHandler.swift; sourceTree = "<group>"; };
		1A000020234567890000001 /* CPUUsageMonitor.swift */ = {isa = PBXFileReference; lastKnownFileType = sourcecode.swift; path = CPUUsageMonitor.swift; sourceTree = "<group>"; };
		1A000022234567890000001 /* StartAtLoginHelper.swift */ = {isa = PBXFileReference; lastKnownFileType = sourcecode.swift; path = StartAtLoginHelper.swift; sourceTree = "<group>"; };
		1A000024234567890000001 /* Assets.xcassets */ = {isa = PBXFileReference; lastKnownFileType = folder.assetcatalog; path = Assets.xcassets; sourceTree = "<group>"; };
		1A000025234567890000001 /* Info.plist */ = {isa = PBXFileReference; lastKnownFileType = text.plist.xml; path = Info.plist; sourceTree = "<group>"; };
		1A000026234567890000001 /* DockLambda.entitlements */ = {isa = PBXFileReference; lastKnownFileType = text.plist.entitlements; path = DockLambda.entitlements; sourceTree = "<group>"; };
/* End PBXFileReference section */

/* Begin PBXFrameworksBuildPhase section */
		1A000027234567890000001 /* Frameworks */ = {
			isa = PBXFrameworksBuildPhase;
			buildActionMask = 2147483647;
			files = (
			);
			runOnlyForDeploymentPostprocessing = 0;
		};
/* End PBXFrameworksBuildPhase section */

/* Begin PBXGroup section */
		1A000028234567890000001 = {
			isa = PBXGroup;
			children = (
				1A000029234567890000001 /* DockLambda */,
				1A000030234567890000001 /* Products */,
			);
			sourceTree = "<group>";
		};
		1A000029234567890000001 /* DockLambda */ = {
			isa = PBXGroup;
			children = (
				1A000002234567890000001 /* AppDelegate.swift */,
				1A000004234567890000001 /* StatusItemController.swift */,
				1A000006234567890000001 /* PetWindowController.swift */,
				1A000008234567890000001 /* PetWindow.swift */,
				1A000010234567890000001 /* DockObserver.swift */,
				1A000012234567890000001 /* PetScene.swift */,
				1A000014234567890000001 /* PetStateMachine.swift */,
				1A000016234567890000001 /* SpriteLoader.swift */,
				1A000018234567890000001 /* DragDropHandler.swift */,
				1A000020234567890000001 /* CPUUsageMonitor.swift */,
				1A000022234567890000001 /* StartAtLoginHelper.swift */,
				1A000024234567890000001 /* Assets.xcassets */,
				1A000025234567890000001 /* Info.plist */,
				1A000026234567890000001 /* DockLambda.entitlements */,
			);
			path = DockLambda;
			sourceTree = "<group>";
		};
		1A000030234567890000001 /* Products */ = {
			isa = PBXGroup;
			children = (
				1A000000234567890000001 /* DockLambda.app */,
			);
			name = Products;
			sourceTree = "<group>";
		};
/* End PBXGroup section */

/* Begin PBXNativeTarget section */
		1A000031234567890000001 /* DockLambda */ = {
			isa = PBXNativeTarget;
			buildConfigurationList = 1A000032234567890000001 /* Build configuration list for PBXNativeTarget "DockLambda" */;
			buildPhases = (
				1A000033234567890000001 /* Sources */,
				1A000027234567890000001 /* Frameworks */,
				1A000034234567890000001 /* Resources */,
			);
			buildRules = (
			);
			dependencies = (
			);
			name = DockLambda;
			productName = DockLambda;
			productReference = 1A000000234567890000001 /* DockLambda.app */;
			productType = "com.apple.product-type.application";
		};
/* End PBXNativeTarget section */

/* Begin PBXProject section */
		1A000035234567890000001 /* Project object */ = {
			isa = PBXProject;
			attributes = {
				BuildIndependentTargetsInParallel = 1;
				LastSwiftUpdateCheck = 1500;
				LastUpgradeCheck = 1500;
				TargetAttributes = {
					1A000031234567890000001 = {
						CreatedOnToolsVersion = 15.0;
					};
				};
			};
			buildConfigurationList = 1A000036234567890000001 /* Build configuration list for PBXProject "DockLambda" */;
			compatibilityVersion = "Xcode 14.0";
			developmentRegion = en;
			hasScannedForEncodings = 0;
			knownRegions = (
				en,
				Base,
			);
			mainGroup = 1A000028234567890000001;
			productRefGroup = 1A000030234567890000001 /* Products */;
			projectDirPath = "";
			projectRoot = "";
			targets = (
				1A000031234567890000001 /* DockLambda */,
			);
		};
/* End PBXProject section */

/* Begin PBXResourcesBuildPhase section */
		1A000034234567890000001 /* Resources */ = {
			isa = PBXResourcesBuildPhase;
			buildActionMask = 2147483647;
			files = (
				1A000023234567890000001 /* Assets.xcassets in Resources */,
			);
			runOnlyForDeploymentPostprocessing = 0;
		};
/* End PBXResourcesBuildPhase section */

/* Begin PBXSourcesBuildPhase section */
		1A000033234567890000001 /* Sources */ = {
			isa = PBXSourcesBuildPhase;
			buildActionMask = 2147483647;
			files = (
				1A000001234567890000001 /* AppDelegate.swift in Sources */,
				1A000003234567890000001 /* StatusItemController.swift in Sources */,
				1A000005234567890000001 /* PetWindowController.swift in Sources */,
				1A000007234567890000001 /* PetWindow.swift in Sources */,
				1A000009234567890000001 /* DockObserver.swift in Sources */,
				1A000011234567890000001 /* PetScene.swift in Sources */,
				1A000013234567890000001 /* PetStateMachine.swift in Sources */,
				1A000015234567890000001 /* SpriteLoader.swift in Sources */,
				1A000017234567890000001 /* DragDropHandler.swift in Sources */,
				1A000019234567890000001 /* CPUUsageMonitor.swift in Sources */,
				1A000021234567890000001 /* StartAtLoginHelper.swift in Sources */,
			);
			runOnlyForDeploymentPostprocessing = 0;
		};
/* End PBXSourcesBuildPhase section */

/* Begin XCBuildConfiguration section */
		1A000037234567890000001 /* Debug */ = {
			isa = XCBuildConfiguration;
			buildSettings = {
				ALWAYS_SEARCH_USER_PATHS = NO;
				CLANG_ANALYZER_NONNULL = YES;
				CLANG_ANALYZER_NUMBER_OBJECT_CONVERSION = YES_AGGRESSIVE;
				CLANG_CXX_LANGUAGE_STANDARD = "gnu++20";
				CLANG_ENABLE_MODULES = YES;
				CLANG_ENABLE_OBJC_ARC = YES;
				CLANG_ENABLE_OBJC_WEAK = YES;
				CLANG_WARN_BLOCK_CAPTURE_AUTORELEASING = YES;
				CLANG_WARN_BOOL_CONVERSION = YES;
				CLANG_WARN_COMMA = YES;
				CLANG_WARN_CONSTANT_CONVERSION = YES;
				CLANG_WARN_DEPRECATED_OBJC_IMPLEMENTATIONS = YES;
				CLANG_WARN_DIRECT_OBJC_ISA_USAGE = YES_ERROR;
				CLANG_WARN_DOCUMENTATION_COMMENTS = YES;
				CLANG_WARN_EMPTY_BODY = YES;
				CLANG_WARN_ENUM_CONVERSION = YES;
				CLANG_WARN_INFINITE_RECURSION = YES;
				CLANG_WARN_INT_CONVERSION = YES;
				CLANG_WARN_NON_LITERAL_NULL_CONVERSION = YES;
				CLANG_WARN_OBJC_IMPLICIT_RETAIN_SELF = YES;
				CLANG_WARN_OBJC_LITERAL_CONVERSION = YES;
				CLANG_WARN_OBJC_ROOT_CLASS = YES_ERROR;
				CLANG_WARN_QUOTED_INCLUDE_IN_FRAMEWORK_HEADER = YES;
				CLANG_WARN_RANGE_LOOP_ANALYSIS = YES;
				CLANG_WARN_STRICT_PROTOTYPES = YES;
				CLANG_WARN_SUSPICIOUS_MOVE = YES;
				CLANG_WARN_UNGUARDED_AVAILABILITY = YES_AGGRESSIVE;
				CLANG_WARN_UNREACHABLE_CODE = YES;
				CLANG_WARN__DUPLICATE_METHOD_MATCH = YES;
				COPY_PHASE_STRIP = NO;
				DEBUG_INFORMATION_FORMAT = dwarf;
				ENABLE_STRICT_OBJC_MSGSEND = YES;
				ENABLE_TESTABILITY = YES;
				GCC_C_LANGUAGE_STANDARD = gnu11;
				GCC_DYNAMIC_NO_PIC = NO;
				GCC_NO_COMMON_BLOCKS = YES;
				GCC_OPTIMIZATION_LEVEL = 0;
				GCC_PREPROCESSOR_DEFINITIONS = (
					"DEBUG=1",
					"$(inherited)",
				);
				GCC_WARN_64_TO_32_BIT_CONVERSION = YES;
				GCC_WARN_ABOUT_RETURN_TYPE = YES_ERROR;
				GCC_WARN_UNDECLARED_SELECTOR = YES;
				GCC_WARN_UNINITIALIZED_AUTOS = YES_AGGRESSIVE;
				GCC_WARN_UNUSED_FUNCTION = YES;
				GCC_WARN_UNUSED_VARIABLE = YES;
				MACOSX_DEPLOYMENT_TARGET = 13.0;
				MTL_ENABLE_DEBUG_INFO = INCLUDE_SOURCE;
				MTL_FAST_MATH = YES;
				ONLY_ACTIVE_ARCH = YES;
				SDKROOT = macosx;
				SWIFT_ACTIVE_COMPILATION_CONDITIONS = DEBUG;
				SWIFT_OPTIMIZATION_LEVEL = "-Onone";
			};
			name = Debug;
		};
		1A000038234567890000001 /* Release */ = {
			isa = XCBuildConfiguration;
			buildSettings = {
				ALWAYS_SEARCH_USER_PATHS = NO;
				CLANG_ANALYZER_NONNULL = YES;
				CLANG_ANALYZER_NUMBER_OBJECT_CONVERSION = YES_AGGRESSIVE;
				CLANG_CXX_LANGUAGE_STANDARD = "gnu++20";
				CLANG_ENABLE_MODULES = YES;
				CLANG_ENABLE_OBJC_ARC = YES;
				CLANG_ENABLE_OBJC_WEAK = YES;
				CLANG_WARN_BLOCK_CAPTURE_AUTORELEASING = YES;
				CLANG_WARN_BOOL_CONVERSION = YES;
				CLANG_WARN_COMMA = YES;
				CLANG_WARN_CONSTANT_CONVERSION = YES;
				CLANG_WARN_DEPRECATED_OBJC_IMPLEMENTATIONS = YES;
				CLANG_WARN_DIRECT_OBJC_ISA_USAGE = YES_ERROR;
				CLANG_WARN_DOCUMENTATION_COMMENTS = YES;
				CLANG_WARN_EMPTY_BODY = YES;
				CLANG_WARN_ENUM_CONVERSION = YES;
				CLANG_WARN_INFINITE_RECURSION = YES;
				CLANG_WARN_INT_CONVERSION = YES;
				CLANG_WARN_NON_LITERAL_NULL_CONVERSION = YES;
				CLANG_WARN_OBJC_IMPLICIT_RETAIN_SELF = YES;
				CLANG_WARN_OBJC_LITERAL_CONVERSION = YES;
				CLANG_WARN_OBJC_ROOT_CLASS = YES_ERROR;
				CLANG_WARN_QUOTED_INCLUDE_IN_FRAMEWORK_HEADER = YES;
				CLANG_WARN_RANGE_LOOP_ANALYSIS = YES;
				CLANG_WARN_STRICT_PROTOTYPES = YES;
				CLANG_WARN_SUSPICIOUS_MOVE = YES;
				CLANG_WARN_UNGUARDED_AVAILABILITY = YES_AGGRESSIVE;
				CLANG_WARN_UNREACHABLE_CODE = YES;
				CLANG_WARN__DUPLICATE_METHOD_MATCH = YES;
				COPY_PHASE_STRIP = NO;
				DEBUG_INFORMATION_FORMAT = "dwarf-with-dsym";
				ENABLE_NS_ASSERTIONS = NO;
				ENABLE_STRICT_OBJC_MSGSEND = YES;
				GCC_C_LANGUAGE_STANDARD = gnu11;
				GCC_NO_COMMON_BLOCKS = YES;
				GCC_WARN_64_TO_32_BIT_CONVERSION = YES;
				GCC_WARN_ABOUT_RETURN_TYPE = YES_ERROR;
				GCC_WARN_UNDECLARED_SELECTOR = YES;
				GCC_WARN_UNINITIALIZED_AUTOS = YES_AGGRESSIVE;
				GCC_WARN_UNUSED_FUNCTION = YES;
				GCC_WARN_UNUSED_VARIABLE = YES;
				MACOSX_DEPLOYMENT_TARGET = 13.0;
				MTL_ENABLE_DEBUG_INFO = NO;
				MTL_FAST_MATH = YES;
				SDKROOT = macosx;
				SWIFT_COMPILATION_MODE = wholemodule;
				SWIFT_OPTIMIZATION_LEVEL = "-O";
			};
			name = Release;
		};
		1A000039234567890000001 /* Debug */ = {
			isa = XCBuildConfiguration;
			buildSettings = {
				ASSETCATALOG_COMPILER_APPICON_NAME = AppIcon;
				ASSETCATALOG_COMPILER_GLOBAL_ACCENT_COLOR_NAME = AccentColor;
				CODE_SIGN_ENTITLEMENTS = DockLambda/DockLambda.entitlements;
				CODE_SIGN_STYLE = Automatic;
				COMBINE_HIDPI_IMAGES = YES;
				CURRENT_PROJECT_VERSION = 1;
				DEVELOPMENT_TEAM = "";
				ENABLE_HARDENED_RUNTIME = YES;
				GENERATE_INFOPLIST_FILE = NO;
				INFOPLIST_FILE = DockLambda/Info.plist;
				INFOPLIST_KEY_NSHumanReadableCopyright = "";
				LD_RUNPATH_SEARCH_PATHS = (
					"$(inherited)",
					"@executable_path/../Frameworks",
				);
				MARKETING_VERSION = 1.0;
				PRODUCT_BUNDLE_IDENTIFIER = com.docklambda.app;
				PRODUCT_NAME = "$(TARGET_NAME)";
				SWIFT_EMIT_LOC_STRINGS = YES;
				SWIFT_VERSION = 5.0;
			};
			name = Debug;
		};
		1A000040234567890000001 /* Release */ = {
			isa = XCBuildConfiguration;
			buildSettings = {
				ASSETCATALOG_COMPILER_APPICON_NAME = AppIcon;
				ASSETCATALOG_COMPILER_GLOBAL_ACCENT_COLOR_NAME = AccentColor;
				CODE_SIGN_ENTITLEMENTS = DockLambda/DockLambda.entitlements;
				CODE_SIGN_STYLE = Automatic;
				COMBINE_HIDPI_IMAGES = YES;
				CURRENT_PROJECT_VERSION = 1;
				DEVELOPMENT_TEAM = "";
				ENABLE_HARDENED_RUNTIME = YES;
				GENERATE_INFOPLIST_FILE = NO;
				INFOPLIST_FILE = DockLambda/Info.plist;
				INFOPLIST_KEY_NSHumanReadableCopyright = "";
				LD_RUNPATH_SEARCH_PATHS = (
					"$(inherited)",
					"@executable_path/../Frameworks",
				);
				MARKETING_VERSION = 1.0;
				PRODUCT_BUNDLE_IDENTIFIER = com.docklambda.app;
				PRODUCT_NAME = "$(TARGET_NAME)";
				SWIFT_EMIT_LOC_STRINGS = YES;
				SWIFT_VERSION = 5.0;
			};
			name = Release;
		};
/* End XCBuildConfiguration section */

/* Begin XCConfigurationList section */
		1A000032234567890000001 /* Build configuration list for PBXNativeTarget "DockLambda" */ = {
			isa = XCConfigurationList;
			buildConfigurations = (
				1A000039234567890000001 /* Debug */,
				1A000040234567890000001 /* Release */,
			);
			defaultConfigurationIsVisible = 0;
			defaultConfigurationName = Release;
		};
		1A000036234567890000001 /* Build configuration list for PBXProject "DockLambda" */ = {
			isa = XCConfigurationList;
			buildConfigurations = (
				1A000037234567890000001 /* Debug */,
				1A000038234567890000001 /* Release */,
			);
			defaultConfigurationIsVisible = 0;
			defaultConfigurationName = Release;
		};
/* End XCConfigurationList section */
	};
	rootObject = 1A000035234567890000001 /* Project object */;
}